
Microsoft Visual Studio Solution File, Format Version 12.00
# Visual Studio Version 16
VisualStudioVersion = 16.0.30711.63
MinimumVisualStudioVersion = 10.0.40219.1
Project("{FAE04EC0-301F-11D3-BF4B-00C04F79EFBC}") = "TP_Hotel", "TP_Hotel\TP_Hotel.csproj", "{26D5E6DB-5A9F-422D-89B4-49898742B33D}"
EndProject
Global
	GlobalSection(SolutionConfigurationPlatforms) = preSolution
		Debug|Any CPU = Debug|Any CPU
		Release|Any CPU = Release|Any CPU
	EndGlobalSection
	GlobalSection(ProjectConfigurationPlatforms) = postSolution
		{26D5E6DB-5A9F-422D-89B4-49898742B33D}.Debug|Any CPU.ActiveCfg = Debug|Any CPU
		{26D5E6DB-5A9F-422D-89B4-49898742B33D}.Debug|Any CPU.Build.0 = Debug|Any CPU
		{26D5E6DB-5A9F-422D-89B4-49898742B33D}.Release|Any CPU.ActiveCfg = Release|Any CPU
		{26D5E6DB-5A9F-422D-89B4-49898742B33D}.Release|Any CPU.Build.0 = Release|Any CPU
	EndGlobalSection
	GlobalSection(SolutionProperties) = preSolution
		HideSolutionNode = FALSE
	EndGlobalSection
	GlobalSection(ExtensibilityGlobals) = postSolution
		SolutionGuid = {4EB0D738-7297-4CBA-A756-AE583117C150}
	EndGlobalSection
EndGlobal
